// !$*UTF8*$!
{
	archiveVersion = 1;
	classes = {
	};
	objectVersion = 50;
	objects = {

/* Begin PBXBuildFile section */
		AD66319E25B1E100009B37F6 /* AppDelegate.swift in Sources */ = {isa = PBXBuildFile; fileRef = AD66319D25B1E100009B37F6 /* AppDelegate.swift */; };
		AD6631A025B1E100009B37F6 /* SceneDelegate.swift in Sources */ = {isa = PBXBuildFile; fileRef = AD66319F25B1E100009B37F6 /* SceneDelegate.swift */; };
		AD6631A725B1E102009B37F6 /* Assets.xcassets in Resources */ = {isa = PBXBuildFile; fileRef = AD6631A625B1E102009B37F6 /* Assets.xcassets */; };
		AD6631AA25B1E102009B37F6 /* LaunchScreen.storyboard in Resources */ = {isa = PBXBuildFile; fileRef = AD6631A825B1E102009B37F6 /* LaunchScreen.storyboard */; };
		AD6631B425B1E1E8009B37F6 /* MainController.swift in Sources */ = {isa = PBXBuildFile; fileRef = AD6631B325B1E1E8009B37F6 /* MainController.swift */; };
		AD6631B825B1F531009B37F6 /* Model.swift in Sources */ = {isa = PBXBuildFile; fileRef = AD6631B725B1F531009B37F6 /* Model.swift */; };
		AD6631BB25B2B509009B37F6 /* UIView+Layout.swift in Sources */ = {isa = PBXBuildFile; fileRef = AD6631BA25B2B509009B37F6 /* UIView+Layout.swift */; };
		AD6631BE25B2C196009B37F6 /* VerticalStackView.swift in Sources */ = {isa = PBXBuildFile; fileRef = AD6631BD25B2C196009B37F6 /* VerticalStackView.swift */; };
		AD6631C425B2DBE5009B37F6 /* 14930.otf in Resources */ = {isa = PBXBuildFile; fileRef = AD6631C225B2D9EF009B37F6 /* 14930.otf */; };
/* End PBXBuildFile section */

/* Begin PBXFileReference section */
		AD66319A25B1E100009B37F6 /* LiveCycle.app */ = {isa = PBXFileReference; explicitFileType = wrapper.application; includeInIndex = 0; path = LiveCycle.app; sourceTree = BUILT_PRODUCTS_DIR; };
		AD66319D25B1E100009B37F6 /* AppDelegate.swift */ = {isa = PBXFileReference; lastKnownFileType = sourcecode.swift; path = AppDelegate.swift; sourceTree = "<group>"; };
		AD66319F25B1E100009B37F6 /* SceneDelegate.swift */ = {isa = PBXFileReference; lastKnownFileType = sourcecode.swift; path = SceneDelegate.swift; sourceTree = "<group>"; };
		AD6631A625B1E102009B37F6 /* Assets.xcassets */ = {isa = PBXFileReference; lastKnownFileType = folder.assetcatalog; path = Assets.xcassets; sourceTree = "<group>"; };
		AD6631A925B1E102009B37F6 /* Base */ = {isa = PBXFileReference; lastKnownFileType = file.storyboard; name = Base; path = Base.lproj/LaunchScreen.storyboard; sourceTree = "<group>"; };
		AD6631AB25B1E102009B37F6 /* Info.plist */ = {isa = PBXFileReference; lastKnownFileType = text.plist.xml; path = Info.plist; sourceTree = "<group>"; };
		AD6631B325B1E1E8009B37F6 /* MainController.swift */ = {isa = PBXFileReference; lastKnownFileType = sourcecode.swift; path = MainController.swift; sourceTree = "<group>"; };
		AD6631B725B1F531009B37F6 /* Model.swift */ = {isa = PBXFileReference; lastKnownFileType = sourcecode.swift; path = Model.swift; sourceTree = "<group>"; };
		AD6631BA25B2B509009B37F6 /* UIView+Layout.swift */ = {isa = PBXFileReference; lastKnownFileType = sourcecode.swift; path = "UIView+Layout.swift"; sourceTree = "<group>"; };
		AD6631BD25B2C196009B37F6 /* VerticalStackView.swift */ = {isa = PBXFileReference; lastKnownFileType = sourcecode.swift; path = VerticalStackView.swift; sourceTree = "<group>"; };
		AD6631C225B2D9EF009B37F6 /* 14930.otf */ = {isa = PBXFileReference; lastKnownFileType = file; path = 14930.otf; sourceTree = "<group>"; };
/* End PBXFileReference section */

/* Begin PBXFrameworksBuildPhase section */
		AD66319725B1E100009B37F6 /* Frameworks */ = {
			isa = PBXFrameworksBuildPhase;
			buildActionMask = 2147483647;
			files = (
			);
			runOnlyForDeploymentPostprocessing = 0;
		};
/* End PBXFrameworksBuildPhase section */

/* Begin PBXGroup section */
		AD66319125B1E100009B37F6 = {
			isa = PBXGroup;
			children = (
				AD66319C25B1E100009B37F6 /* LiveCycle */,
				AD66319B25B1E100009B37F6 /* Products */,
			);
			sourceTree = "<group>";
		};
		AD66319B25B1E100009B37F6 /* Products */ = {
			isa = PBXGroup;
			children = (
				AD66319A25B1E100009B37F6 /* LiveCycle.app */,
			);
			name = Products;
			sourceTree = "<group>";
		};
		AD66319C25B1E100009B37F6 /* LiveCycle */ = {
			isa = PBXGroup;
			children = (
				AD66319D25B1E100009B37F6 /* AppDelegate.swift */,
				AD66319F25B1E100009B37F6 /* SceneDelegate.swift */,
				AD6631B325B1E1E8009B37F6 /* MainController.swift */,
				AD6631B725B1F531009B37F6 /* Model.swift */,
				AD6631C025B2C1A5009B37F6 /* Helpers */,
				AD6631A625B1E102009B37F6 /* Assets.xcassets */,
				AD6631A825B1E102009B37F6 /* LaunchScreen.storyboard */,
				AD6631AB25B1E102009B37F6 /* Info.plist */,
				AD6631C225B2D9EF009B37F6 /* 14930.otf */,
			);
			path = LiveCycle;
			sourceTree = "<group>";
		};
		AD6631C025B2C1A5009B37F6 /* Helpers */ = {
			isa = PBXGroup;
			children = (
				AD6631BA25B2B509009B37F6 /* UIView+Layout.swift */,
				AD6631BD25B2C196009B37F6 /* VerticalStackView.swift */,
			);
			path = Helpers;
			sourceTree = "<group>";
		};
/* End PBXGroup section */

/* Begin PBXNativeTarget section */
		AD66319925B1E100009B37F6 /* LiveCycle */ = {
			isa = PBXNativeTarget;
			buildConfigurationList = AD6631AE25B1E102009B37F6 /* Build configuration list for PBXNativeTarget "LiveCycle" */;
			buildPhases = (
				AD66319625B1E100009B37F6 /* Sources */,
				AD66319725B1E100009B37F6 /* Frameworks */,
				AD66319825B1E100009B37F6 /* Resources */,
			);
			buildRules = (
			);
			dependencies = (
			);
			name = LiveCycle;
			productName = LiveCycle;
			productReference = AD66319A25B1E100009B37F6 /* LiveCycle.app */;
			productType = "com.apple.product-type.application";
		};
/* End PBXNativeTarget section */

/* Begin PBXProject section */
		AD66319225B1E100009B37F6 /* Project object */ = {
			isa = PBXProject;
			attributes = {
				LastSwiftUpdateCheck = 1230;
				LastUpgradeCheck = 1230;
				TargetAttributes = {
					AD66319925B1E100009B37F6 = {
						CreatedOnToolsVersion = 12.3;
					};
				};
			};
			buildConfigurationList = AD66319525B1E100009B37F6 /* Build configuration list for PBXProject "LiveCycle" */;
			compatibilityVersion = "Xcode 9.3";
			developmentRegion = en;
			hasScannedForEncodings = 0;
			knownRegions = (
				en,
				Base,
			);
			mainGroup = AD66319125B1E100009B37F6;
			productRefGroup = AD66319B25B1E100009B37F6 /* Products */;
			projectDirPath = "";
			projectRoot = "";
			targets = (
				AD66319925B1E100009B37F6 /* LiveCycle */,
			);
		};
/* End PBXProject section */

/* Begin PBXResourcesBuildPhase section */
		AD66319825B1E100009B37F6 /* Resources */ = {
			isa = PBXResourcesBuildPhase;
			buildActionMask = 2147483647;
			files = (
				AD6631AA25B1E102009B37F6 /* LaunchScreen.storyboard in Resources */,
				AD6631A725B1E102009B37F6 /* Assets.xcassets in Resources */,
				AD6631C425B2DBE5009B37F6 /* 14930.otf in Resources */,
			);
			runOnlyForDeploymentPostprocessing = 0;
		};
/* End PBXResourcesBuildPhase section */

/* Begin PBXSourcesBuildPhase section */
		AD66319625B1E100009B37F6 /* Sources */ = {
			isa = PBXSourcesBuildPhase;
			buildActionMask = 2147483647;
			files = (
				AD66319E25B1E100009B37F6 /* AppDelegate.swift in Sources */,
				AD6631BE25B2C196009B37F6 /* VerticalStackView.swift in Sources */,
				AD6631B425B1E1E8009B37F6 /* MainController.swift in Sources */,
				AD6631A025B1E100009B37F6 /* SceneDelegate.swift in Sources */,
				AD6631B825B1F531009B37F6 /* Model.swift in Sources */,
				AD6631BB25B2B509009B37F6 /* UIView+Layout.swift in Sources */,
			);
			runOnlyForDeploymentPostprocessing = 0;
		};
/* End PBXSourcesBuildPhase section */

/* Begin PBXVariantGroup section */
		AD6631A825B1E102009B37F6 /* LaunchScreen.storyboard */ = {
			isa = PBXVariantGroup;
			children = (
				AD6631A925B1E102009B37F6 /* Base */,
			);
			name = LaunchScreen.storyboard;
			sourceTree = "<group>";
		};
/* End PBXVariantGroup section */

/* Begin XCBuildConfiguration section */
		AD6631AC25B1E102009B37F6 /* Debug */ = {
			isa = XCBuildConfiguration;
			buildSettings = {
				ALWAYS_SEARCH_USER_PATHS = NO;
				CLANG_ANALYZER_NONNULL = YES;
				CLANG_ANALYZER_NUMBER_OBJECT_CONVERSION = YES_AGGRESSIVE;
				CLANG_CXX_LANGUAGE_STANDARD = "gnu++14";
				CLANG_CXX_LIBRARY = "libc++";
				CLANG_ENABLE_MODULES = YES;
				CLANG_ENABLE_OBJC_ARC = YES;
				CLANG_ENABLE_OBJC_WEAK = YES;
				CLANG_WARN_BLOCK_CAPTURE_AUTORELEASING = YES;
				CLANG_WARN_BOOL_CONVERSION = YES;
				CLANG_WARN_COMMA = YES;
				CLANG_WARN_CONSTANT_CONVERSION = YES;
				CLANG_WARN_DEPRECATED_OBJC_IMPLEMENTATIONS = YES;
				CLANG_WARN_DIRECT_OBJC_ISA_USAGE = YES_ERROR;
				CLANG_WARN_DOCUMENTATION_COMMENTS = YES;
				CLANG_WARN_EMPTY_BODY = YES;
				CLANG_WARN_ENUM_CONVERSION = YES;
				CLANG_WARN_INFINITE_RECURSION = YES;
				CLANG_WARN_INT_CONVERSION = YES;
				CLANG_WARN_NON_LITERAL_NULL_CONVERSION = YES;
				CLANG_WARN_OBJC_IMPLICIT_RETAIN_SELF = YES;
				CLANG_WARN_OBJC_LITERAL_CONVERSION = YES;
				CLANG_WARN_OBJC_ROOT_CLASS = YES_ERROR;
				CLANG_WARN_QUOTED_INCLUDE_IN_FRAMEWORK_HEADER = YES;
				CLANG_WARN_RANGE_LOOP_ANALYSIS = YES;
				CLANG_WARN_STRICT_PROTOTYPES = YES;
				CLANG_WARN_SUSPICIOUS_MOVE = YES;
				CLANG_WARN_UNGUARDED_AVAILABILITY = YES_AGGRESSIVE;
				CLANG_WARN_UNREACHABLE_CODE = YES;
				CLANG_WARN__DUPLICATE_METHOD_MATCH = YES;
				COPY_PHASE_STRIP = NO;
				DEBUG_INFORMATION_FORMAT = dwarf;
				ENABLE_STRICT_OBJC_MSGSEND = YES;
				ENABLE_TESTABILITY = YES;
				GCC_C_LANGUAGE_STANDARD = gnu11;
				GCC_DYNAMIC_NO_PIC = NO;
				GCC_NO_COMMON_BLOCKS = YES;
				GCC_OPTIMIZATION_LEVEL = 0;
				GCC_PREPROCESSOR_DEFINITIONS = (
					"DEBUG=1",
					"$(inherited)",
				);
				GCC_WARN_64_TO_32_BIT_CONVERSION = YES;
				GCC_WARN_ABOUT_RETURN_TYPE = YES_ERROR;
				GCC_WARN_UNDECLARED_SELECTOR = YES;
				GCC_WARN_UNINITIALIZED_AUTOS = YES_AGGRESSIVE;
				GCC_WARN_UNUSED_FUNCTION = YES;
				GCC_WARN_UNUSED_VARIABLE = YES;
				IPHONEOS_DEPLOYMENT_TARGET = 14.3;
				MTL_ENABLE_DEBUG_INFO = INCLUDE_SOURCE;
				MTL_FAST_MATH = YES;
				ONLY_ACTIVE_ARCH = YES;
				SDKROOT = iphoneos;
				SWIFT_ACTIVE_COMPILATION_CONDITIONS = DEBUG;
				SWIFT_OPTIMIZATION_LEVEL = "-Onone";
			};
			name = Debug;
		};
		AD6631AD25B1E102009B37F6 /* Release */ = {
			isa = XCBuildConfiguration;
			buildSettings = {
				ALWAYS_SEARCH_USER_PATHS = NO;
				CLANG_ANALYZER_NONNULL = YES;
				CLANG_ANALYZER_NUMBER_OBJECT_CONVERSION = YES_AGGRESSIVE;
				CLANG_CXX_LANGUAGE_STANDARD = "gnu++14";
				CLANG_CXX_LIBRARY = "libc++";
				CLANG_ENABLE_MODULES = YES;
				CLANG_ENABLE_OBJC_ARC = YES;
				CLANG_ENABLE_OBJC_WEAK = YES;
				CLANG_WARN_BLOCK_CAPTURE_AUTORELEASING = YES;
				CLANG_WARN_BOOL_CONVERSION = YES;
				CLANG_WARN_COMMA = YES;
				CLANG_WARN_CONSTANT_CONVERSION = YES;
				CLANG_WARN_DEPRECATED_OBJC_IMPLEMENTATIONS = YES;
				CLANG_WARN_DIRECT_OBJC_ISA_USAGE = YES_ERROR;
				CLANG_WARN_DOCUMENTATION_COMMENTS = YES;
				CLANG_WARN_EMPTY_BODY = YES;
				CLANG_WARN_ENUM_CONVERSION = YES;
				CLANG_WARN_INFINITE_RECURSION = YES;
				CLANG_WARN_INT_CONVERSION = YES;
				CLANG_WARN_NON_LITERAL_NULL_CONVERSION = YES;
				CLANG_WARN_OBJC_IMPLICIT_RETAIN_SELF = YES;
				CLANG_WARN_OBJC_LITERAL_CONVERSION = YES;
				CLANG_WARN_OBJC_ROOT_CLASS = YES_ERROR;
				CLANG_WARN_QUOTED_INCLUDE_IN_FRAMEWORK_HEADER = YES;
				CLANG_WARN_RANGE_LOOP_ANALYSIS = YES;
				CLANG_WARN_STRICT_PROTOTYPES = YES;
				CLANG_WARN_SUSPICIOUS_MOVE = YES;
				CLANG_WARN_UNGUARDED_AVAILABILITY = YES_AGGRESSIVE;
				CLANG_WARN_UNREACHABLE_CODE = YES;
				CLANG_WARN__DUPLICATE_METHOD_MATCH = YES;
				COPY_PHASE_STRIP = NO;
				DEBUG_INFORMATION_FORMAT = "dwarf-with-dsym";
				ENABLE_NS_ASSERTIONS = NO;
				ENABLE_STRICT_OBJC_MSGSEND = YES;
				GCC_C_LANGUAGE_STANDARD = gnu11;
				GCC_NO_COMMON_BLOCKS = YES;
				GCC_WARN_64_TO_32_BIT_CONVERSION = YES;
				GCC_WARN_ABOUT_RETURN_TYPE = YES_ERROR;
				GCC_WARN_UNDECLARED_SELECTOR = YES;
				GCC_WARN_UNINITIALIZED_AUTOS = YES_AGGRESSIVE;
				GCC_WARN_UNUSED_FUNCTION = YES;
				GCC_WARN_UNUSED_VARIABLE = YES;
				IPHONEOS_DEPLOYMENT_TARGET = 14.3;
				MTL_ENABLE_DEBUG_INFO = NO;
				MTL_FAST_MATH = YES;
				SDKROOT = iphoneos;
				SWIFT_COMPILATION_MODE = wholemodule;
				SWIFT_OPTIMIZATION_LEVEL = "-O";
				VALIDATE_PRODUCT = YES;
			};
			name = Release;
		};
		AD6631AF25B1E102009B37F6 /* Debug */ = {
			isa = XCBuildConfiguration;
			buildSettings = {
				ASSETCATALOG_COMPILER_APPICON_NAME = AppIcon;
				ASSETCATALOG_COMPILER_GLOBAL_ACCENT_COLOR_NAME = AccentColor;
				CODE_SIGN_STYLE = Automatic;
				DEVELOPMENT_TEAM = J4B53B6TAD;
				INFOPLIST_FILE = LiveCycle/Info.plist;
				LD_RUNPATH_SEARCH_PATHS = (
					"$(inherited)",
					"@executable_path/Frameworks",
				);
				PRODUCT_BUNDLE_IDENTIFIER = ru.zakirovweb.LiveCycle;
				PRODUCT_NAME = "$(TARGET_NAME)";
				SWIFT_VERSION = 5.0;
				TARGETED_DEVICE_FAMILY = "1,2";
			};
			name = Debug;
		};
		AD6631B025B1E102009B37F6 /* Release */ = {
			isa = XCBuildConfiguration;
			buildSettings = {
				ASSETCATALOG_COMPILER_APPICON_NAME = AppIcon;
				ASSETCATALOG_COMPILER_GLOBAL_ACCENT_COLOR_NAME = AccentColor;
				CODE_SIGN_STYLE = Automatic;
				DEVELOPMENT_TEAM = J4B53B6TAD;
				INFOPLIST_FILE = LiveCycle/Info.plist;
				LD_RUNPATH_SEARCH_PATHS = (
					"$(inherited)",
					"@executable_path/Frameworks",
				);
				PRODUCT_BUNDLE_IDENTIFIER = ru.zakirovweb.LiveCycle;
				PRODUCT_NAME = "$(TARGET_NAME)";
				SWIFT_VERSION = 5.0;
				TARGETED_DEVICE_FAMILY = "1,2";
			};
			name = Release;
		};
/* End XCBuildConfiguration section */

/* Begin XCConfigurationList section */
		AD66319525B1E100009B37F6 /* Build configuration list for PBXProject "LiveCycle" */ = {
			isa = XCConfigurationList;
			buildConfigurations = (
				AD6631AC25B1E102009B37F6 /* Debug */,
				AD6631AD25B1E102009B37F6 /* Release */,
			);
			defaultConfigurationIsVisible = 0;
			defaultConfigurationName = Release;
		};
		AD6631AE25B1E102009B37F6 /* Build configuration list for PBXNativeTarget "LiveCycle" */ = {
			isa = XCConfigurationList;
			buildConfigurations = (
				AD6631AF25B1E102009B37F6 /* Debug */,
				AD6631B025B1E102009B37F6 /* Release */,
			);
			defaultConfigurationIsVisible = 0;
			defaultConfigurationName = Release;
		};
/* End XCConfigurationList section */
	};
	rootObject = AD66319225B1E100009B37F6 /* Project object */;
}
